
Microsoft Visual Studio Solution File, Format Version 12.00
# Visual Studio 15
VisualStudioVersion = 15.0.28307.1622
MinimumVisualStudioVersion = 10.0.40219.1
Project("{E24C65DC-7377-472B-9ABA-BC803B73C61A}") = "MyWebSiteProject", "MyWebSiteProject\", "{98853718-7897-4FD7-BBC7-645C7370AFAF}"
	ProjectSection(WebsiteProperties) = preProject
		TargetFrameworkMoniker = ".NETFramework,Version%3Dv4.6.1"
		Debug.AspNetCompiler.VirtualPath = "/localhost_49802"
		Debug.AspNetCompiler.PhysicalPath = "MyWebSiteProject\"
		Debug.AspNetCompiler.TargetPath = "PrecompiledWeb\localhost_49802\"
		Debug.AspNetCompiler.Updateable = "true"
		Debug.AspNetCompiler.ForceOverwrite = "true"
		Debug.AspNetCompiler.FixedNames = "false"
		Debug.AspNetCompiler.Debug = "True"
		Release.AspNetCompiler.VirtualPath = "/localhost_49802"
		Release.AspNetCompiler.PhysicalPath = "MyWebSiteProject\"
		Release.AspNetCompiler.TargetPath = "PrecompiledWeb\localhost_49802\"
		Release.AspNetCompiler.Updateable = "true"
		Release.AspNetCompiler.ForceOverwrite = "true"
		Release.AspNetCompiler.FixedNames = "false"
		Release.AspNetCompiler.Debug = "False"
		VWDPort = "49802"
		SlnRelativePath = "MyWebSiteProject\"
		DefaultWebSiteLanguage = "Visual C#"
	EndProjectSection
EndProject
Global
	GlobalSection(SolutionConfigurationPlatforms) = preSolution
		Debug|Any CPU = Debug|Any CPU
	EndGlobalSection
	GlobalSection(ProjectConfigurationPlatforms) = postSolution
		{98853718-7897-4FD7-BBC7-645C7370AFAF}.Debug|Any CPU.ActiveCfg = Debug|Any CPU
		{98853718-7897-4FD7-BBC7-645C7370AFAF}.Debug|Any CPU.Build.0 = Debug|Any CPU
	EndGlobalSection
	GlobalSection(SolutionProperties) = preSolution
		HideSolutionNode = FALSE
	EndGlobalSection
	GlobalSection(ExtensibilityGlobals) = postSolution
		SolutionGuid = {D8A3E0B7-6204-4D8E-8219-804393A3387F}
	EndGlobalSection
EndGlobal
